// !$*UTF8*$!
{
	archiveVersion = 1;
	classes = {
	};
	objectVersion = 50;
	objects = {

/* Begin PBXBuildFile section */
		C913CDDF20799490007B3FDA /* SwiftyHTTPTests.swift in Sources */ = {isa = PBXBuildFile; fileRef = C913CDDE20799490007B3FDA /* SwiftyHTTPTests.swift */; };
		C913CDE020799490007B3FDA /* SwiftyHTTPTests.swift in Sources */ = {isa = PBXBuildFile; fileRef = C913CDDE20799490007B3FDA /* SwiftyHTTPTests.swift */; };
		C913CDE120799490007B3FDA /* SwiftyHTTPTests.swift in Sources */ = {isa = PBXBuildFile; fileRef = C913CDDE20799490007B3FDA /* SwiftyHTTPTests.swift */; };
		C913CDE3207994AF007B3FDA /* DataStructureTests.swift in Sources */ = {isa = PBXBuildFile; fileRef = C913CDE2207994AF007B3FDA /* DataStructureTests.swift */; };
		C913CDE4207994AF007B3FDA /* DataStructureTests.swift in Sources */ = {isa = PBXBuildFile; fileRef = C913CDE2207994AF007B3FDA /* DataStructureTests.swift */; };
		C913CDE5207994AF007B3FDA /* DataStructureTests.swift in Sources */ = {isa = PBXBuildFile; fileRef = C913CDE2207994AF007B3FDA /* DataStructureTests.swift */; };
		C913CDE7207994BD007B3FDA /* HTTPErrorTests.swift in Sources */ = {isa = PBXBuildFile; fileRef = C913CDE6207994BD007B3FDA /* HTTPErrorTests.swift */; };
		C913CDE8207994BD007B3FDA /* HTTPErrorTests.swift in Sources */ = {isa = PBXBuildFile; fileRef = C913CDE6207994BD007B3FDA /* HTTPErrorTests.swift */; };
		C913CDE9207994BD007B3FDA /* HTTPErrorTests.swift in Sources */ = {isa = PBXBuildFile; fileRef = C913CDE6207994BD007B3FDA /* HTTPErrorTests.swift */; };
		C913CDEB207994C7007B3FDA /* HTTPRequestTests.swift in Sources */ = {isa = PBXBuildFile; fileRef = C913CDEA207994C7007B3FDA /* HTTPRequestTests.swift */; };
		C913CDEC207994C7007B3FDA /* HTTPRequestTests.swift in Sources */ = {isa = PBXBuildFile; fileRef = C913CDEA207994C7007B3FDA /* HTTPRequestTests.swift */; };
		C913CDED207994C7007B3FDA /* HTTPRequestTests.swift in Sources */ = {isa = PBXBuildFile; fileRef = C913CDEA207994C7007B3FDA /* HTTPRequestTests.swift */; };
		C913CDEF207994D1007B3FDA /* HTTPResponseTests.swift in Sources */ = {isa = PBXBuildFile; fileRef = C913CDEE207994D1007B3FDA /* HTTPResponseTests.swift */; };
		C913CDF0207994D1007B3FDA /* HTTPResponseTests.swift in Sources */ = {isa = PBXBuildFile; fileRef = C913CDEE207994D1007B3FDA /* HTTPResponseTests.swift */; };
		C913CDF1207994D1007B3FDA /* HTTPResponseTests.swift in Sources */ = {isa = PBXBuildFile; fileRef = C913CDEE207994D1007B3FDA /* HTTPResponseTests.swift */; };
		C913CDF3207994DA007B3FDA /* HTTPStatusTests.swift in Sources */ = {isa = PBXBuildFile; fileRef = C913CDF2207994DA007B3FDA /* HTTPStatusTests.swift */; };
		C913CDF4207994DA007B3FDA /* HTTPStatusTests.swift in Sources */ = {isa = PBXBuildFile; fileRef = C913CDF2207994DA007B3FDA /* HTTPStatusTests.swift */; };
		C913CDF5207994DA007B3FDA /* HTTPStatusTests.swift in Sources */ = {isa = PBXBuildFile; fileRef = C913CDF2207994DA007B3FDA /* HTTPStatusTests.swift */; };
		C913CDF7207994EB007B3FDA /* HTTPTaskTests.swift in Sources */ = {isa = PBXBuildFile; fileRef = C913CDF6207994EB007B3FDA /* HTTPTaskTests.swift */; };
		C913CDF8207994EB007B3FDA /* HTTPTaskTests.swift in Sources */ = {isa = PBXBuildFile; fileRef = C913CDF6207994EB007B3FDA /* HTTPTaskTests.swift */; };
		C913CDF9207994EB007B3FDA /* HTTPTaskTests.swift in Sources */ = {isa = PBXBuildFile; fileRef = C913CDF6207994EB007B3FDA /* HTTPTaskTests.swift */; };
		C913CDFB207994F5007B3FDA /* MultiPartContentTests.swift in Sources */ = {isa = PBXBuildFile; fileRef = C913CDFA207994F5007B3FDA /* MultiPartContentTests.swift */; };
		C913CDFC207994F5007B3FDA /* MultiPartContentTests.swift in Sources */ = {isa = PBXBuildFile; fileRef = C913CDFA207994F5007B3FDA /* MultiPartContentTests.swift */; };
		C913CDFD207994F5007B3FDA /* MultiPartContentTests.swift in Sources */ = {isa = PBXBuildFile; fileRef = C913CDFA207994F5007B3FDA /* MultiPartContentTests.swift */; };
		C913CDFF20799500007B3FDA /* SessionManagerTests.swift in Sources */ = {isa = PBXBuildFile; fileRef = C913CDFE20799500007B3FDA /* SessionManagerTests.swift */; };
		C913CE0020799500007B3FDA /* SessionManagerTests.swift in Sources */ = {isa = PBXBuildFile; fileRef = C913CDFE20799500007B3FDA /* SessionManagerTests.swift */; };
		C913CE0120799500007B3FDA /* SessionManagerTests.swift in Sources */ = {isa = PBXBuildFile; fileRef = C913CDFE20799500007B3FDA /* SessionManagerTests.swift */; };
		C913CE032079950B007B3FDA /* URLEncodingTests.swift in Sources */ = {isa = PBXBuildFile; fileRef = C913CE022079950B007B3FDA /* URLEncodingTests.swift */; };
		C913CE042079950B007B3FDA /* URLEncodingTests.swift in Sources */ = {isa = PBXBuildFile; fileRef = C913CE022079950B007B3FDA /* URLEncodingTests.swift */; };
		C913CE052079950B007B3FDA /* URLEncodingTests.swift in Sources */ = {isa = PBXBuildFile; fileRef = C913CE022079950B007B3FDA /* URLEncodingTests.swift */; };
		C9CF22672074BCB300A51078 /* SwiftyHTTP_iOS.framework in Frameworks */ = {isa = PBXBuildFile; fileRef = C9CF225E2074BCB300A51078 /* SwiftyHTTP_iOS.framework */; };
		C9CF226C2074BCB300A51078 /* SwiftyHTTP_iOSTests.swift in Sources */ = {isa = PBXBuildFile; fileRef = C9CF226B2074BCB300A51078 /* SwiftyHTTP_iOSTests.swift */; };
		C9CF226E2074BCB300A51078 /* SwiftyHTTP_iOS.h in Headers */ = {isa = PBXBuildFile; fileRef = C9CF22602074BCB300A51078 /* SwiftyHTTP_iOS.h */; settings = {ATTRIBUTES = (Public, ); }; };
		C9CF22832074BCDB00A51078 /* SwiftyHTTP_macOS.framework in Frameworks */ = {isa = PBXBuildFile; fileRef = C9CF227A2074BCDB00A51078 /* SwiftyHTTP_macOS.framework */; };
		C9CF22882074BCDB00A51078 /* SwiftyHTTP_macOSTests.swift in Sources */ = {isa = PBXBuildFile; fileRef = C9CF22872074BCDB00A51078 /* SwiftyHTTP_macOSTests.swift */; };
		C9CF228A2074BCDB00A51078 /* SwiftyHTTP_macOS.h in Headers */ = {isa = PBXBuildFile; fileRef = C9CF227C2074BCDB00A51078 /* SwiftyHTTP_macOS.h */; settings = {ATTRIBUTES = (Public, ); }; };
		C9CF229F2074BD0D00A51078 /* SwiftyHTTP_tvOS.framework in Frameworks */ = {isa = PBXBuildFile; fileRef = C9CF22962074BD0D00A51078 /* SwiftyHTTP_tvOS.framework */; };
		C9CF22A42074BD0D00A51078 /* SwiftyHTTP_tvOSTests.swift in Sources */ = {isa = PBXBuildFile; fileRef = C9CF22A32074BD0D00A51078 /* SwiftyHTTP_tvOSTests.swift */; };
		C9CF22A62074BD0D00A51078 /* SwiftyHTTP_tvOS.h in Headers */ = {isa = PBXBuildFile; fileRef = C9CF22982074BD0D00A51078 /* SwiftyHTTP_tvOS.h */; settings = {ATTRIBUTES = (Public, ); }; };
		C9CF22AF2074BF2E00A51078 /* SwiftyHTTP.swift in Sources */ = {isa = PBXBuildFile; fileRef = C9CF22AE2074BF2E00A51078 /* SwiftyHTTP.swift */; };
		C9CF22B02074BF2E00A51078 /* SwiftyHTTP.swift in Sources */ = {isa = PBXBuildFile; fileRef = C9CF22AE2074BF2E00A51078 /* SwiftyHTTP.swift */; };
		C9CF22B12074BF2E00A51078 /* SwiftyHTTP.swift in Sources */ = {isa = PBXBuildFile; fileRef = C9CF22AE2074BF2E00A51078 /* SwiftyHTTP.swift */; };
		C9CF22B32074C06E00A51078 /* DataStructure.swift in Sources */ = {isa = PBXBuildFile; fileRef = C9CF22B22074C06E00A51078 /* DataStructure.swift */; };
		C9CF22B42074C06E00A51078 /* DataStructure.swift in Sources */ = {isa = PBXBuildFile; fileRef = C9CF22B22074C06E00A51078 /* DataStructure.swift */; };
		C9CF22B52074C06E00A51078 /* DataStructure.swift in Sources */ = {isa = PBXBuildFile; fileRef = C9CF22B22074C06E00A51078 /* DataStructure.swift */; };
		C9CF22B72074C08300A51078 /* HTTPError.swift in Sources */ = {isa = PBXBuildFile; fileRef = C9CF22B62074C08300A51078 /* HTTPError.swift */; };
		C9CF22B82074C08300A51078 /* HTTPError.swift in Sources */ = {isa = PBXBuildFile; fileRef = C9CF22B62074C08300A51078 /* HTTPError.swift */; };
		C9CF22B92074C08300A51078 /* HTTPError.swift in Sources */ = {isa = PBXBuildFile; fileRef = C9CF22B62074C08300A51078 /* HTTPError.swift */; };
		C9CF22BB2074C09200A51078 /* HTTPRequest.swift in Sources */ = {isa = PBXBuildFile; fileRef = C9CF22BA2074C09200A51078 /* HTTPRequest.swift */; };
		C9CF22BC2074C09200A51078 /* HTTPRequest.swift in Sources */ = {isa = PBXBuildFile; fileRef = C9CF22BA2074C09200A51078 /* HTTPRequest.swift */; };
		C9CF22BD2074C09200A51078 /* HTTPRequest.swift in Sources */ = {isa = PBXBuildFile; fileRef = C9CF22BA2074C09200A51078 /* HTTPRequest.swift */; };
		C9CF22BF2074C09E00A51078 /* HTTPResponse.swift in Sources */ = {isa = PBXBuildFile; fileRef = C9CF22BE2074C09E00A51078 /* HTTPResponse.swift */; };
		C9CF22C02074C09E00A51078 /* HTTPResponse.swift in Sources */ = {isa = PBXBuildFile; fileRef = C9CF22BE2074C09E00A51078 /* HTTPResponse.swift */; };
		C9CF22C12074C09E00A51078 /* HTTPResponse.swift in Sources */ = {isa = PBXBuildFile; fileRef = C9CF22BE2074C09E00A51078 /* HTTPResponse.swift */; };
		C9CF22C32074C0AC00A51078 /* HTTPStatus.swift in Sources */ = {isa = PBXBuildFile; fileRef = C9CF22C22074C0AC00A51078 /* HTTPStatus.swift */; };
		C9CF22C42074C0AC00A51078 /* HTTPStatus.swift in Sources */ = {isa = PBXBuildFile; fileRef = C9CF22C22074C0AC00A51078 /* HTTPStatus.swift */; };
		C9CF22C52074C0AC00A51078 /* HTTPStatus.swift in Sources */ = {isa = PBXBuildFile; fileRef = C9CF22C22074C0AC00A51078 /* HTTPStatus.swift */; };
		C9CF22C72074C0B700A51078 /* HTTPTask.swift in Sources */ = {isa = PBXBuildFile; fileRef = C9CF22C62074C0B700A51078 /* HTTPTask.swift */; };
		C9CF22C82074C0B700A51078 /* HTTPTask.swift in Sources */ = {isa = PBXBuildFile; fileRef = C9CF22C62074C0B700A51078 /* HTTPTask.swift */; };
		C9CF22C92074C0B700A51078 /* HTTPTask.swift in Sources */ = {isa = PBXBuildFile; fileRef = C9CF22C62074C0B700A51078 /* HTTPTask.swift */; };
		C9CF22CB2074C0C200A51078 /* MultiPartContent.swift in Sources */ = {isa = PBXBuildFile; fileRef = C9CF22CA2074C0C200A51078 /* MultiPartContent.swift */; };
		C9CF22CC2074C0C200A51078 /* MultiPartContent.swift in Sources */ = {isa = PBXBuildFile; fileRef = C9CF22CA2074C0C200A51078 /* MultiPartContent.swift */; };
		C9CF22CD2074C0C200A51078 /* MultiPartContent.swift in Sources */ = {isa = PBXBuildFile; fileRef = C9CF22CA2074C0C200A51078 /* MultiPartContent.swift */; };
		C9CF22CF2074C0CD00A51078 /* SessionManager.swift in Sources */ = {isa = PBXBuildFile; fileRef = C9CF22CE2074C0CD00A51078 /* SessionManager.swift */; };
		C9CF22D02074C0CD00A51078 /* SessionManager.swift in Sources */ = {isa = PBXBuildFile; fileRef = C9CF22CE2074C0CD00A51078 /* SessionManager.swift */; };
		C9CF22D12074C0CD00A51078 /* SessionManager.swift in Sources */ = {isa = PBXBuildFile; fileRef = C9CF22CE2074C0CD00A51078 /* SessionManager.swift */; };
		C9CF22D32074C0D900A51078 /* URLEncoding.swift in Sources */ = {isa = PBXBuildFile; fileRef = C9CF22D22074C0D900A51078 /* URLEncoding.swift */; };
		C9CF22D42074C0D900A51078 /* URLEncoding.swift in Sources */ = {isa = PBXBuildFile; fileRef = C9CF22D22074C0D900A51078 /* URLEncoding.swift */; };
		C9CF22D52074C0D900A51078 /* URLEncoding.swift in Sources */ = {isa = PBXBuildFile; fileRef = C9CF22D22074C0D900A51078 /* URLEncoding.swift */; };
		C9F6CA9120799FFE00E5BD18 /* SwiftyHTTP.swift in Sources */ = {isa = PBXBuildFile; fileRef = C9CF22AE2074BF2E00A51078 /* SwiftyHTTP.swift */; };
		C9F6CA9220799FFE00E5BD18 /* HTTPRequest.swift in Sources */ = {isa = PBXBuildFile; fileRef = C9CF22BA2074C09200A51078 /* HTTPRequest.swift */; };
		C9F6CA9320799FFE00E5BD18 /* HTTPResponse.swift in Sources */ = {isa = PBXBuildFile; fileRef = C9CF22BE2074C09E00A51078 /* HTTPResponse.swift */; };
		C9F6CA9420799FFE00E5BD18 /* HTTPStatus.swift in Sources */ = {isa = PBXBuildFile; fileRef = C9CF22C22074C0AC00A51078 /* HTTPStatus.swift */; };
		C9F6CA9520799FFE00E5BD18 /* HTTPError.swift in Sources */ = {isa = PBXBuildFile; fileRef = C9CF22B62074C08300A51078 /* HTTPError.swift */; };
		C9F6CA9620799FFE00E5BD18 /* HTTPTask.swift in Sources */ = {isa = PBXBuildFile; fileRef = C9CF22C62074C0B700A51078 /* HTTPTask.swift */; };
		C9F6CA9720799FFE00E5BD18 /* MultiPartContent.swift in Sources */ = {isa = PBXBuildFile; fileRef = C9CF22CA2074C0C200A51078 /* MultiPartContent.swift */; };
		C9F6CA9820799FFE00E5BD18 /* SessionManager.swift in Sources */ = {isa = PBXBuildFile; fileRef = C9CF22CE2074C0CD00A51078 /* SessionManager.swift */; };
		C9F6CA9920799FFE00E5BD18 /* URLEncoding.swift in Sources */ = {isa = PBXBuildFile; fileRef = C9CF22D22074C0D900A51078 /* URLEncoding.swift */; };
		C9F6CA9A20799FFE00E5BD18 /* DataStructure.swift in Sources */ = {isa = PBXBuildFile; fileRef = C9CF22B22074C06E00A51078 /* DataStructure.swift */; };
		C9F6CA9B20799FFF00E5BD18 /* SwiftyHTTP.swift in Sources */ = {isa = PBXBuildFile; fileRef = C9CF22AE2074BF2E00A51078 /* SwiftyHTTP.swift */; };
		C9F6CA9C20799FFF00E5BD18 /* HTTPRequest.swift in Sources */ = {isa = PBXBuildFile; fileRef = C9CF22BA2074C09200A51078 /* HTTPRequest.swift */; };
		C9F6CA9D20799FFF00E5BD18 /* HTTPResponse.swift in Sources */ = {isa = PBXBuildFile; fileRef = C9CF22BE2074C09E00A51078 /* HTTPResponse.swift */; };
		C9F6CA9E20799FFF00E5BD18 /* HTTPStatus.swift in Sources */ = {isa = PBXBuildFile; fileRef = C9CF22C22074C0AC00A51078 /* HTTPStatus.swift */; };
		C9F6CA9F20799FFF00E5BD18 /* HTTPError.swift in Sources */ = {isa = PBXBuildFile; fileRef = C9CF22B62074C08300A51078 /* HTTPError.swift */; };
		C9F6CAA020799FFF00E5BD18 /* HTTPTask.swift in Sources */ = {isa = PBXBuildFile; fileRef = C9CF22C62074C0B700A51078 /* HTTPTask.swift */; };
		C9F6CAA120799FFF00E5BD18 /* MultiPartContent.swift in Sources */ = {isa = PBXBuildFile; fileRef = C9CF22CA2074C0C200A51078 /* MultiPartContent.swift */; };
		C9F6CAA220799FFF00E5BD18 /* SessionManager.swift in Sources */ = {isa = PBXBuildFile; fileRef = C9CF22CE2074C0CD00A51078 /* SessionManager.swift */; };
		C9F6CAA320799FFF00E5BD18 /* URLEncoding.swift in Sources */ = {isa = PBXBuildFile; fileRef = C9CF22D22074C0D900A51078 /* URLEncoding.swift */; };
		C9F6CAA420799FFF00E5BD18 /* DataStructure.swift in Sources */ = {isa = PBXBuildFile; fileRef = C9CF22B22074C06E00A51078 /* DataStructure.swift */; };
		C9F6CAA520799FFF00E5BD18 /* SwiftyHTTP.swift in Sources */ = {isa = PBXBuildFile; fileRef = C9CF22AE2074BF2E00A51078 /* SwiftyHTTP.swift */; };
		C9F6CAA620799FFF00E5BD18 /* HTTPRequest.swift in Sources */ = {isa = PBXBuildFile; fileRef = C9CF22BA2074C09200A51078 /* HTTPRequest.swift */; };
		C9F6CAA720799FFF00E5BD18 /* HTTPResponse.swift in Sources */ = {isa = PBXBuildFile; fileRef = C9CF22BE2074C09E00A51078 /* HTTPResponse.swift */; };
		C9F6CAA820799FFF00E5BD18 /* HTTPStatus.swift in Sources */ = {isa = PBXBuildFile; fileRef = C9CF22C22074C0AC00A51078 /* HTTPStatus.swift */; };
		C9F6CAA920799FFF00E5BD18 /* HTTPError.swift in Sources */ = {isa = PBXBuildFile; fileRef = C9CF22B62074C08300A51078 /* HTTPError.swift */; };
		C9F6CAAA20799FFF00E5BD18 /* HTTPTask.swift in Sources */ = {isa = PBXBuildFile; fileRef = C9CF22C62074C0B700A51078 /* HTTPTask.swift */; };
		C9F6CAAB20799FFF00E5BD18 /* MultiPartContent.swift in Sources */ = {isa = PBXBuildFile; fileRef = C9CF22CA2074C0C200A51078 /* MultiPartContent.swift */; };
		C9F6CAAC20799FFF00E5BD18 /* SessionManager.swift in Sources */ = {isa = PBXBuildFile; fileRef = C9CF22CE2074C0CD00A51078 /* SessionManager.swift */; };
		C9F6CAAD20799FFF00E5BD18 /* URLEncoding.swift in Sources */ = {isa = PBXBuildFile; fileRef = C9CF22D22074C0D900A51078 /* URLEncoding.swift */; };
		C9F6CAAE20799FFF00E5BD18 /* DataStructure.swift in Sources */ = {isa = PBXBuildFile; fileRef = C9CF22B22074C06E00A51078 /* DataStructure.swift */; };
/* End PBXBuildFile section */

/* Begin PBXContainerItemProxy section */
		C9CF22682074BCB300A51078 /* PBXContainerItemProxy */ = {
			isa = PBXContainerItemProxy;
			containerPortal = C9CF22362074BB7800A51078 /* Project object */;
			proxyType = 1;
			remoteGlobalIDString = C9CF225D2074BCB300A51078;
			remoteInfo = "SwiftyHTTP iOS";
		};
		C9CF22842074BCDB00A51078 /* PBXContainerItemProxy */ = {
			isa = PBXContainerItemProxy;
			containerPortal = C9CF22362074BB7800A51078 /* Project object */;
			proxyType = 1;
			remoteGlobalIDString = C9CF22792074BCDB00A51078;
			remoteInfo = "SwiftyHTTP macOS";
		};
		C9CF22A02074BD0D00A51078 /* PBXContainerItemProxy */ = {
			isa = PBXContainerItemProxy;
			containerPortal = C9CF22362074BB7800A51078 /* Project object */;
			proxyType = 1;
			remoteGlobalIDString = C9CF22952074BD0D00A51078;
			remoteInfo = "SwiftyHTTP tvOS";
		};
/* End PBXContainerItemProxy section */

/* Begin PBXFileReference section */
		C913CDDE20799490007B3FDA /* SwiftyHTTPTests.swift */ = {isa = PBXFileReference; lastKnownFileType = sourcecode.swift; path = SwiftyHTTPTests.swift; sourceTree = "<group>"; };
		C913CDE2207994AF007B3FDA /* DataStructureTests.swift */ = {isa = PBXFileReference; lastKnownFileType = sourcecode.swift; path = DataStructureTests.swift; sourceTree = "<group>"; };
		C913CDE6207994BD007B3FDA /* HTTPErrorTests.swift */ = {isa = PBXFileReference; lastKnownFileType = sourcecode.swift; path = HTTPErrorTests.swift; sourceTree = "<group>"; };
		C913CDEA207994C7007B3FDA /* HTTPRequestTests.swift */ = {isa = PBXFileReference; lastKnownFileType = sourcecode.swift; path = HTTPRequestTests.swift; sourceTree = "<group>"; };
		C913CDEE207994D1007B3FDA /* HTTPResponseTests.swift */ = {isa = PBXFileReference; lastKnownFileType = sourcecode.swift; path = HTTPResponseTests.swift; sourceTree = "<group>"; };
		C913CDF2207994DA007B3FDA /* HTTPStatusTests.swift */ = {isa = PBXFileReference; lastKnownFileType = sourcecode.swift; path = HTTPStatusTests.swift; sourceTree = "<group>"; };
		C913CDF6207994EB007B3FDA /* HTTPTaskTests.swift */ = {isa = PBXFileReference; lastKnownFileType = sourcecode.swift; path = HTTPTaskTests.swift; sourceTree = "<group>"; };
		C913CDFA207994F5007B3FDA /* MultiPartContentTests.swift */ = {isa = PBXFileReference; lastKnownFileType = sourcecode.swift; path = MultiPartContentTests.swift; sourceTree = "<group>"; };
		C913CDFE20799500007B3FDA /* SessionManagerTests.swift */ = {isa = PBXFileReference; lastKnownFileType = sourcecode.swift; path = SessionManagerTests.swift; sourceTree = "<group>"; };
		C913CE022079950B007B3FDA /* URLEncodingTests.swift */ = {isa = PBXFileReference; lastKnownFileType = sourcecode.swift; path = URLEncodingTests.swift; sourceTree = "<group>"; };
		C9CF225E2074BCB300A51078 /* SwiftyHTTP_iOS.framework */ = {isa = PBXFileReference; explicitFileType = wrapper.framework; includeInIndex = 0; path = SwiftyHTTP_iOS.framework; sourceTree = BUILT_PRODUCTS_DIR; };
		C9CF22602074BCB300A51078 /* SwiftyHTTP_iOS.h */ = {isa = PBXFileReference; lastKnownFileType = sourcecode.c.h; path = SwiftyHTTP_iOS.h; sourceTree = "<group>"; };
		C9CF22612074BCB300A51078 /* Info.plist */ = {isa = PBXFileReference; lastKnownFileType = text.plist.xml; path = Info.plist; sourceTree = "<group>"; };
		C9CF22662074BCB300A51078 /* SwiftyHTTP iOSTests.xctest */ = {isa = PBXFileReference; explicitFileType = wrapper.cfbundle; includeInIndex = 0; path = "SwiftyHTTP iOSTests.xctest"; sourceTree = BUILT_PRODUCTS_DIR; };
		C9CF226B2074BCB300A51078 /* SwiftyHTTP_iOSTests.swift */ = {isa = PBXFileReference; lastKnownFileType = sourcecode.swift; path = SwiftyHTTP_iOSTests.swift; sourceTree = "<group>"; };
		C9CF226D2074BCB300A51078 /* Info.plist */ = {isa = PBXFileReference; lastKnownFileType = text.plist.xml; path = Info.plist; sourceTree = "<group>"; };
		C9CF227A2074BCDB00A51078 /* SwiftyHTTP_macOS.framework */ = {isa = PBXFileReference; explicitFileType = wrapper.framework; includeInIndex = 0; path = SwiftyHTTP_macOS.framework; sourceTree = BUILT_PRODUCTS_DIR; };
		C9CF227C2074BCDB00A51078 /* SwiftyHTTP_macOS.h */ = {isa = PBXFileReference; lastKnownFileType = sourcecode.c.h; path = SwiftyHTTP_macOS.h; sourceTree = "<group>"; };
		C9CF227D2074BCDB00A51078 /* Info.plist */ = {isa = PBXFileReference; lastKnownFileType = text.plist.xml; path = Info.plist; sourceTree = "<group>"; };
		C9CF22822074BCDB00A51078 /* SwiftyHTTP macOSTests.xctest */ = {isa = PBXFileReference; explicitFileType = wrapper.cfbundle; includeInIndex = 0; path = "SwiftyHTTP macOSTests.xctest"; sourceTree = BUILT_PRODUCTS_DIR; };
		C9CF22872074BCDB00A51078 /* SwiftyHTTP_macOSTests.swift */ = {isa = PBXFileReference; lastKnownFileType = sourcecode.swift; path = SwiftyHTTP_macOSTests.swift; sourceTree = "<group>"; };
		C9CF22892074BCDB00A51078 /* Info.plist */ = {isa = PBXFileReference; lastKnownFileType = text.plist.xml; path = Info.plist; sourceTree = "<group>"; };
		C9CF22962074BD0D00A51078 /* SwiftyHTTP_tvOS.framework */ = {isa = PBXFileReference; explicitFileType = wrapper.framework; includeInIndex = 0; path = SwiftyHTTP_tvOS.framework; sourceTree = BUILT_PRODUCTS_DIR; };
		C9CF22982074BD0D00A51078 /* SwiftyHTTP_tvOS.h */ = {isa = PBXFileReference; lastKnownFileType = sourcecode.c.h; path = SwiftyHTTP_tvOS.h; sourceTree = "<group>"; };
		C9CF22992074BD0D00A51078 /* Info.plist */ = {isa = PBXFileReference; lastKnownFileType = text.plist.xml; path = Info.plist; sourceTree = "<group>"; };
		C9CF229E2074BD0D00A51078 /* SwiftyHTTP tvOSTests.xctest */ = {isa = PBXFileReference; explicitFileType = wrapper.cfbundle; includeInIndex = 0; path = "SwiftyHTTP tvOSTests.xctest"; sourceTree = BUILT_PRODUCTS_DIR; };
		C9CF22A32074BD0D00A51078 /* SwiftyHTTP_tvOSTests.swift */ = {isa = PBXFileReference; lastKnownFileType = sourcecode.swift; path = SwiftyHTTP_tvOSTests.swift; sourceTree = "<group>"; };
		C9CF22A52074BD0D00A51078 /* Info.plist */ = {isa = PBXFileReference; lastKnownFileType = text.plist.xml; path = Info.plist; sourceTree = "<group>"; };
		C9CF22AE2074BF2E00A51078 /* SwiftyHTTP.swift */ = {isa = PBXFileReference; lastKnownFileType = sourcecode.swift; path = SwiftyHTTP.swift; sourceTree = "<group>"; };
		C9CF22B22074C06E00A51078 /* DataStructure.swift */ = {isa = PBXFileReference; lastKnownFileType = sourcecode.swift; path = DataStructure.swift; sourceTree = "<group>"; };
		C9CF22B62074C08300A51078 /* HTTPError.swift */ = {isa = PBXFileReference; lastKnownFileType = sourcecode.swift; path = HTTPError.swift; sourceTree = "<group>"; };
		C9CF22BA2074C09200A51078 /* HTTPRequest.swift */ = {isa = PBXFileReference; lastKnownFileType = sourcecode.swift; path = HTTPRequest.swift; sourceTree = "<group>"; };
		C9CF22BE2074C09E00A51078 /* HTTPResponse.swift */ = {isa = PBXFileReference; lastKnownFileType = sourcecode.swift; path = HTTPResponse.swift; sourceTree = "<group>"; };
		C9CF22C22074C0AC00A51078 /* HTTPStatus.swift */ = {isa = PBXFileReference; lastKnownFileType = sourcecode.swift; path = HTTPStatus.swift; sourceTree = "<group>"; };
		C9CF22C62074C0B700A51078 /* HTTPTask.swift */ = {isa = PBXFileReference; lastKnownFileType = sourcecode.swift; path = HTTPTask.swift; sourceTree = "<group>"; };
		C9CF22CA2074C0C200A51078 /* MultiPartContent.swift */ = {isa = PBXFileReference; lastKnownFileType = sourcecode.swift; path = MultiPartContent.swift; sourceTree = "<group>"; };
		C9CF22CE2074C0CD00A51078 /* SessionManager.swift */ = {isa = PBXFileReference; lastKnownFileType = sourcecode.swift; path = SessionManager.swift; sourceTree = "<group>"; };
		C9CF22D22074C0D900A51078 /* URLEncoding.swift */ = {isa = PBXFileReference; lastKnownFileType = sourcecode.swift; path = URLEncoding.swift; sourceTree = "<group>"; };
/* End PBXFileReference section */

/* Begin PBXFrameworksBuildPhase section */
		C9CF225A2074BCB300A51078 /* Frameworks */ = {
			isa = PBXFrameworksBuildPhase;
			buildActionMask = 2147483647;
			files = (
			);
			runOnlyForDeploymentPostprocessing = 0;
		};
		C9CF22632074BCB300A51078 /* Frameworks */ = {
			isa = PBXFrameworksBuildPhase;
			buildActionMask = 2147483647;
			files = (
				C9CF22672074BCB300A51078 /* SwiftyHTTP_iOS.framework in Frameworks */,
			);
			runOnlyForDeploymentPostprocessing = 0;
		};
		C9CF22762074BCDB00A51078 /* Frameworks */ = {
			isa = PBXFrameworksBuildPhase;
			buildActionMask = 2147483647;
			files = (
			);
			runOnlyForDeploymentPostprocessing = 0;
		};
		C9CF227F2074BCDB00A51078 /* Frameworks */ = {
			isa = PBXFrameworksBuildPhase;
			buildActionMask = 2147483647;
			files = (
				C9CF22832074BCDB00A51078 /* SwiftyHTTP_macOS.framework in Frameworks */,
			);
			runOnlyForDeploymentPostprocessing = 0;
		};
		C9CF22922074BD0D00A51078 /* Frameworks */ = {
			isa = PBXFrameworksBuildPhase;
			buildActionMask = 2147483647;
			files = (
			);
			runOnlyForDeploymentPostprocessing = 0;
		};
		C9CF229B2074BD0D00A51078 /* Frameworks */ = {
			isa = PBXFrameworksBuildPhase;
			buildActionMask = 2147483647;
			files = (
				C9CF229F2074BD0D00A51078 /* SwiftyHTTP_tvOS.framework in Frameworks */,
			);
			runOnlyForDeploymentPostprocessing = 0;
		};
/* End PBXFrameworksBuildPhase section */

/* Begin PBXGroup section */
		C9CF22352074BB7800A51078 = {
			isa = PBXGroup;
			children = (
				C9CF22AD2074BEE000A51078 /* Sources */,
				C9CF22D62074C2E000A51078 /* Tests */,
				C9CF225F2074BCB300A51078 /* SwiftyHTTP iOS */,
				C9CF226A2074BCB300A51078 /* SwiftyHTTP iOSTests */,
				C9CF227B2074BCDB00A51078 /* SwiftyHTTP macOS */,
				C9CF22862074BCDB00A51078 /* SwiftyHTTP macOSTests */,
				C9CF22972074BD0D00A51078 /* SwiftyHTTP tvOS */,
				C9CF22A22074BD0D00A51078 /* SwiftyHTTP tvOSTests */,
				C9CF22402074BB7800A51078 /* Products */,
			);
			sourceTree = "<group>";
		};
		C9CF22402074BB7800A51078 /* Products */ = {
			isa = PBXGroup;
			children = (
				C9CF225E2074BCB300A51078 /* SwiftyHTTP_iOS.framework */,
				C9CF22662074BCB300A51078 /* SwiftyHTTP iOSTests.xctest */,
				C9CF227A2074BCDB00A51078 /* SwiftyHTTP_macOS.framework */,
				C9CF22822074BCDB00A51078 /* SwiftyHTTP macOSTests.xctest */,
				C9CF22962074BD0D00A51078 /* SwiftyHTTP_tvOS.framework */,
				C9CF229E2074BD0D00A51078 /* SwiftyHTTP tvOSTests.xctest */,
			);
			name = Products;
			sourceTree = "<group>";
		};
		C9CF225F2074BCB300A51078 /* SwiftyHTTP iOS */ = {
			isa = PBXGroup;
			children = (
				C9CF22602074BCB300A51078 /* SwiftyHTTP_iOS.h */,
				C9CF22612074BCB300A51078 /* Info.plist */,
			);
			path = "SwiftyHTTP iOS";
			sourceTree = "<group>";
		};
		C9CF226A2074BCB300A51078 /* SwiftyHTTP iOSTests */ = {
			isa = PBXGroup;
			children = (
				C9CF226B2074BCB300A51078 /* SwiftyHTTP_iOSTests.swift */,
				C9CF226D2074BCB300A51078 /* Info.plist */,
			);
			path = "SwiftyHTTP iOSTests";
			sourceTree = "<group>";
		};
		C9CF227B2074BCDB00A51078 /* SwiftyHTTP macOS */ = {
			isa = PBXGroup;
			children = (
				C9CF227C2074BCDB00A51078 /* SwiftyHTTP_macOS.h */,
				C9CF227D2074BCDB00A51078 /* Info.plist */,
			);
			path = "SwiftyHTTP macOS";
			sourceTree = "<group>";
		};
		C9CF22862074BCDB00A51078 /* SwiftyHTTP macOSTests */ = {
			isa = PBXGroup;
			children = (
				C9CF22872074BCDB00A51078 /* SwiftyHTTP_macOSTests.swift */,
				C9CF22892074BCDB00A51078 /* Info.plist */,
			);
			path = "SwiftyHTTP macOSTests";
			sourceTree = "<group>";
		};
		C9CF22972074BD0D00A51078 /* SwiftyHTTP tvOS */ = {
			isa = PBXGroup;
			children = (
				C9CF22982074BD0D00A51078 /* SwiftyHTTP_tvOS.h */,
				C9CF22992074BD0D00A51078 /* Info.plist */,
			);
			path = "SwiftyHTTP tvOS";
			sourceTree = "<group>";
		};
		C9CF22A22074BD0D00A51078 /* SwiftyHTTP tvOSTests */ = {
			isa = PBXGroup;
			children = (
				C9CF22A32074BD0D00A51078 /* SwiftyHTTP_tvOSTests.swift */,
				C9CF22A52074BD0D00A51078 /* Info.plist */,
			);
			path = "SwiftyHTTP tvOSTests";
			sourceTree = "<group>";
		};
		C9CF22AD2074BEE000A51078 /* Sources */ = {
			isa = PBXGroup;
			children = (
				C9CF22AE2074BF2E00A51078 /* SwiftyHTTP.swift */,
				C9CF22BA2074C09200A51078 /* HTTPRequest.swift */,
				C9CF22BE2074C09E00A51078 /* HTTPResponse.swift */,
				C9CF22C22074C0AC00A51078 /* HTTPStatus.swift */,
				C9CF22B62074C08300A51078 /* HTTPError.swift */,
				C9CF22C62074C0B700A51078 /* HTTPTask.swift */,
				C9CF22CA2074C0C200A51078 /* MultiPartContent.swift */,
				C9CF22CE2074C0CD00A51078 /* SessionManager.swift */,
				C9CF22D22074C0D900A51078 /* URLEncoding.swift */,
				C9CF22B22074C06E00A51078 /* DataStructure.swift */,
			);
			path = Sources;
			sourceTree = "<group>";
		};
		C9CF22D62074C2E000A51078 /* Tests */ = {
			isa = PBXGroup;
			children = (
				C913CDDE20799490007B3FDA /* SwiftyHTTPTests.swift */,
				C913CDE2207994AF007B3FDA /* DataStructureTests.swift */,
				C913CDE6207994BD007B3FDA /* HTTPErrorTests.swift */,
				C913CDEA207994C7007B3FDA /* HTTPRequestTests.swift */,
				C913CDEE207994D1007B3FDA /* HTTPResponseTests.swift */,
				C913CDF2207994DA007B3FDA /* HTTPStatusTests.swift */,
				C913CDF6207994EB007B3FDA /* HTTPTaskTests.swift */,
				C913CDFA207994F5007B3FDA /* MultiPartContentTests.swift */,
				C913CDFE20799500007B3FDA /* SessionManagerTests.swift */,
				C913CE022079950B007B3FDA /* URLEncodingTests.swift */,
			);
			path = Tests;
			sourceTree = "<group>";
		};
/* End PBXGroup section */

/* Begin PBXHeadersBuildPhase section */
		C9CF225B2074BCB300A51078 /* Headers */ = {
			isa = PBXHeadersBuildPhase;
			buildActionMask = 2147483647;
			files = (
				C9CF226E2074BCB300A51078 /* SwiftyHTTP_iOS.h in Headers */,
			);
			runOnlyForDeploymentPostprocessing = 0;
		};
		C9CF22772074BCDB00A51078 /* Headers */ = {
			isa = PBXHeadersBuildPhase;
			buildActionMask = 2147483647;
			files = (
				C9CF228A2074BCDB00A51078 /* SwiftyHTTP_macOS.h in Headers */,
			);
			runOnlyForDeploymentPostprocessing = 0;
		};
		C9CF22932074BD0D00A51078 /* Headers */ = {
			isa = PBXHeadersBuildPhase;
			buildActionMask = 2147483647;
			files = (
				C9CF22A62074BD0D00A51078 /* SwiftyHTTP_tvOS.h in Headers */,
			);
			runOnlyForDeploymentPostprocessing = 0;
		};
/* End PBXHeadersBuildPhase section */

/* Begin PBXNativeTarget section */
		C9CF225D2074BCB300A51078 /* SwiftyHTTP iOS */ = {
			isa = PBXNativeTarget;
			buildConfigurationList = C9CF226F2074BCB300A51078 /* Build configuration list for PBXNativeTarget "SwiftyHTTP iOS" */;
			buildPhases = (
				C9CF22592074BCB300A51078 /* Sources */,
				C9CF225A2074BCB300A51078 /* Frameworks */,
				C9CF225B2074BCB300A51078 /* Headers */,
				C9CF225C2074BCB300A51078 /* Resources */,
			);
			buildRules = (
			);
			dependencies = (
			);
			name = "SwiftyHTTP iOS";
			productName = "SwiftyHTTP iOS";
			productReference = C9CF225E2074BCB300A51078 /* SwiftyHTTP_iOS.framework */;
			productType = "com.apple.product-type.framework";
		};
		C9CF22652074BCB300A51078 /* SwiftyHTTP iOSTests */ = {
			isa = PBXNativeTarget;
			buildConfigurationList = C9CF22722074BCB300A51078 /* Build configuration list for PBXNativeTarget "SwiftyHTTP iOSTests" */;
			buildPhases = (
				C9CF22622074BCB300A51078 /* Sources */,
				C9CF22632074BCB300A51078 /* Frameworks */,
				C9CF22642074BCB300A51078 /* Resources */,
			);
			buildRules = (
			);
			dependencies = (
				C9CF22692074BCB300A51078 /* PBXTargetDependency */,
			);
			name = "SwiftyHTTP iOSTests";
			productName = "SwiftyHTTP iOSTests";
			productReference = C9CF22662074BCB300A51078 /* SwiftyHTTP iOSTests.xctest */;
			productType = "com.apple.product-type.bundle.unit-test";
		};
		C9CF22792074BCDB00A51078 /* SwiftyHTTP macOS */ = {
			isa = PBXNativeTarget;
			buildConfigurationList = C9CF228B2074BCDB00A51078 /* Build configuration list for PBXNativeTarget "SwiftyHTTP macOS" */;
			buildPhases = (
				C9CF22752074BCDB00A51078 /* Sources */,
				C9CF22762074BCDB00A51078 /* Frameworks */,
				C9CF22772074BCDB00A51078 /* Headers */,
				C9CF22782074BCDB00A51078 /* Resources */,
			);
			buildRules = (
			);
			dependencies = (
			);
			name = "SwiftyHTTP macOS";
			productName = "SwiftyHTTP macOS";
			productReference = C9CF227A2074BCDB00A51078 /* SwiftyHTTP_macOS.framework */;
			productType = "com.apple.product-type.framework";
		};
		C9CF22812074BCDB00A51078 /* SwiftyHTTP macOSTests */ = {
			isa = PBXNativeTarget;
			buildConfigurationList = C9CF228E2074BCDB00A51078 /* Build configuration list for PBXNativeTarget "SwiftyHTTP macOSTests" */;
			buildPhases = (
				C9CF227E2074BCDB00A51078 /* Sources */,
				C9CF227F2074BCDB00A51078 /* Frameworks */,
				C9CF22802074BCDB00A51078 /* Resources */,
			);
			buildRules = (
			);
			dependencies = (
				C9CF22852074BCDB00A51078 /* PBXTargetDependency */,
			);
			name = "SwiftyHTTP macOSTests";
			productName = "SwiftyHTTP macOSTests";
			productReference = C9CF22822074BCDB00A51078 /* SwiftyHTTP macOSTests.xctest */;
			productType = "com.apple.product-type.bundle.unit-test";
		};
		C9CF22952074BD0D00A51078 /* SwiftyHTTP tvOS */ = {
			isa = PBXNativeTarget;
			buildConfigurationList = C9CF22A72074BD0D00A51078 /* Build configuration list for PBXNativeTarget "SwiftyHTTP tvOS" */;
			buildPhases = (
				C9CF22912074BD0D00A51078 /* Sources */,
				C9CF22922074BD0D00A51078 /* Frameworks */,
				C9CF22932074BD0D00A51078 /* Headers */,
				C9CF22942074BD0D00A51078 /* Resources */,
			);
			buildRules = (
			);
			dependencies = (
			);
			name = "SwiftyHTTP tvOS";
			productName = "SwiftyHTTP tvOS";
			productReference = C9CF22962074BD0D00A51078 /* SwiftyHTTP_tvOS.framework */;
			productType = "com.apple.product-type.framework";
		};
		C9CF229D2074BD0D00A51078 /* SwiftyHTTP tvOSTests */ = {
			isa = PBXNativeTarget;
			buildConfigurationList = C9CF22AA2074BD0D00A51078 /* Build configuration list for PBXNativeTarget "SwiftyHTTP tvOSTests" */;
			buildPhases = (
				C9CF229A2074BD0D00A51078 /* Sources */,
				C9CF229B2074BD0D00A51078 /* Frameworks */,
				C9CF229C2074BD0D00A51078 /* Resources */,
			);
			buildRules = (
			);
			dependencies = (
				C9CF22A12074BD0D00A51078 /* PBXTargetDependency */,
			);
			name = "SwiftyHTTP tvOSTests";
			productName = "SwiftyHTTP tvOSTests";
			productReference = C9CF229E2074BD0D00A51078 /* SwiftyHTTP tvOSTests.xctest */;
			productType = "com.apple.product-type.bundle.unit-test";
		};
/* End PBXNativeTarget section */

/* Begin PBXProject section */
		C9CF22362074BB7800A51078 /* Project object */ = {
			isa = PBXProject;
			attributes = {
				LastSwiftUpdateCheck = 0930;
				LastUpgradeCheck = 0930;
				ORGANIZATIONNAME = TTSY;
				TargetAttributes = {
					C9CF225D2074BCB300A51078 = {
						CreatedOnToolsVersion = 9.3;
						LastSwiftMigration = 0930;
					};
					C9CF22652074BCB300A51078 = {
						CreatedOnToolsVersion = 9.3;
					};
					C9CF22792074BCDB00A51078 = {
						CreatedOnToolsVersion = 9.3;
						LastSwiftMigration = 0930;
					};
					C9CF22812074BCDB00A51078 = {
						CreatedOnToolsVersion = 9.3;
					};
					C9CF22952074BD0D00A51078 = {
						CreatedOnToolsVersion = 9.3;
						LastSwiftMigration = 0930;
					};
					C9CF229D2074BD0D00A51078 = {
						CreatedOnToolsVersion = 9.3;
					};
				};
			};
			buildConfigurationList = C9CF22392074BB7800A51078 /* Build configuration list for PBXProject "SwiftyHTTP" */;
			compatibilityVersion = "Xcode 9.3";
			developmentRegion = en;
			hasScannedForEncodings = 0;
			knownRegions = (
				en,
			);
			mainGroup = C9CF22352074BB7800A51078;
			productRefGroup = C9CF22402074BB7800A51078 /* Products */;
			projectDirPath = "";
			projectRoot = "";
			targets = (
				C9CF225D2074BCB300A51078 /* SwiftyHTTP iOS */,
				C9CF22652074BCB300A51078 /* SwiftyHTTP iOSTests */,
				C9CF22792074BCDB00A51078 /* SwiftyHTTP macOS */,
				C9CF22812074BCDB00A51078 /* SwiftyHTTP macOSTests */,
				C9CF22952074BD0D00A51078 /* SwiftyHTTP tvOS */,
				C9CF229D2074BD0D00A51078 /* SwiftyHTTP tvOSTests */,
			);
		};
/* End PBXProject section */

/* Begin PBXResourcesBuildPhase section */
		C9CF225C2074BCB300A51078 /* Resources */ = {
			isa = PBXResourcesBuildPhase;
			buildActionMask = 2147483647;
			files = (
			);
			runOnlyForDeploymentPostprocessing = 0;
		};
		C9CF22642074BCB300A51078 /* Resources */ = {
			isa = PBXResourcesBuildPhase;
			buildActionMask = 2147483647;
			files = (
			);
			runOnlyForDeploymentPostprocessing = 0;
		};
		C9CF22782074BCDB00A51078 /* Resources */ = {
			isa = PBXResourcesBuildPhase;
			buildActionMask = 2147483647;
			files = (
			);
			runOnlyForDeploymentPostprocessing = 0;
		};
		C9CF22802074BCDB00A51078 /* Resources */ = {
			isa = PBXResourcesBuildPhase;
			buildActionMask = 2147483647;
			files = (
			);
			runOnlyForDeploymentPostprocessing = 0;
		};
		C9CF22942074BD0D00A51078 /* Resources */ = {
			isa = PBXResourcesBuildPhase;
			buildActionMask = 2147483647;
			files = (
			);
			runOnlyForDeploymentPostprocessing = 0;
		};
		C9CF229C2074BD0D00A51078 /* Resources */ = {
			isa = PBXResourcesBuildPhase;
			buildActionMask = 2147483647;
			files = (
			);
			runOnlyForDeploymentPostprocessing = 0;
		};
/* End PBXResourcesBuildPhase section */

/* Begin PBXSourcesBuildPhase section */
		C9CF22592074BCB300A51078 /* Sources */ = {
			isa = PBXSourcesBuildPhase;
			buildActionMask = 2147483647;
			files = (
				C9CF22C72074C0B700A51078 /* HTTPTask.swift in Sources */,
				C9CF22AF2074BF2E00A51078 /* SwiftyHTTP.swift in Sources */,
				C9CF22CF2074C0CD00A51078 /* SessionManager.swift in Sources */,
				C9CF22BB2074C09200A51078 /* HTTPRequest.swift in Sources */,
				C9CF22BF2074C09E00A51078 /* HTTPResponse.swift in Sources */,
				C9CF22B72074C08300A51078 /* HTTPError.swift in Sources */,
				C9CF22D32074C0D900A51078 /* URLEncoding.swift in Sources */,
				C9CF22B32074C06E00A51078 /* DataStructure.swift in Sources */,
				C9CF22CB2074C0C200A51078 /* MultiPartContent.swift in Sources */,
				C9CF22C32074C0AC00A51078 /* HTTPStatus.swift in Sources */,
			);
			runOnlyForDeploymentPostprocessing = 0;
		};
		C9CF22622074BCB300A51078 /* Sources */ = {
			isa = PBXSourcesBuildPhase;
			buildActionMask = 2147483647;
			files = (
				C9F6CA9620799FFE00E5BD18 /* HTTPTask.swift in Sources */,
				C913CDFB207994F5007B3FDA /* MultiPartContentTests.swift in Sources */,
				C913CDE7207994BD007B3FDA /* HTTPErrorTests.swift in Sources */,
				C9F6CA9820799FFE00E5BD18 /* SessionManager.swift in Sources */,
				C913CDEB207994C7007B3FDA /* HTTPRequestTests.swift in Sources */,
				C9F6CA9220799FFE00E5BD18 /* HTTPRequest.swift in Sources */,
				C9F6CA9920799FFE00E5BD18 /* URLEncoding.swift in Sources */,
				C9F6CA9520799FFE00E5BD18 /* HTTPError.swift in Sources */,
				C9CF226C2074BCB300A51078 /* SwiftyHTTP_iOSTests.swift in Sources */,
				C9F6CA9A20799FFE00E5BD18 /* DataStructure.swift in Sources */,
				C913CDF3207994DA007B3FDA /* HTTPStatusTests.swift in Sources */,
				C9F6CA9120799FFE00E5BD18 /* SwiftyHTTP.swift in Sources */,
				C913CDF7207994EB007B3FDA /* HTTPTaskTests.swift in Sources */,
				C913CE032079950B007B3FDA /* URLEncodingTests.swift in Sources */,
				C913CDFF20799500007B3FDA /* SessionManagerTests.swift in Sources */,
				C9F6CA9720799FFE00E5BD18 /* MultiPartContent.swift in Sources */,
				C913CDDF20799490007B3FDA /* SwiftyHTTPTests.swift in Sources */,
				C913CDEF207994D1007B3FDA /* HTTPResponseTests.swift in Sources */,
				C9F6CA9320799FFE00E5BD18 /* HTTPResponse.swift in Sources */,
				C913CDE3207994AF007B3FDA /* DataStructureTests.swift in Sources */,
				C9F6CA9420799FFE00E5BD18 /* HTTPStatus.swift in Sources */,
			);
			runOnlyForDeploymentPostprocessing = 0;
		};
		C9CF22752074BCDB00A51078 /* Sources */ = {
			isa = PBXSourcesBuildPhase;
			buildActionMask = 2147483647;
			files = (
				C9CF22C82074C0B700A51078 /* HTTPTask.swift in Sources */,
				C9CF22B02074BF2E00A51078 /* SwiftyHTTP.swift in Sources */,
				C9CF22D02074C0CD00A51078 /* SessionManager.swift in Sources */,
				C9CF22BC2074C09200A51078 /* HTTPRequest.swift in Sources */,
				C9CF22C02074C09E00A51078 /* HTTPResponse.swift in Sources */,
				C9CF22B82074C08300A51078 /* HTTPError.swift in Sources */,
				C9CF22D42074C0D900A51078 /* URLEncoding.swift in Sources */,
				C9CF22B42074C06E00A51078 /* DataStructure.swift in Sources */,
				C9CF22CC2074C0C200A51078 /* MultiPartContent.swift in Sources */,
				C9CF22C42074C0AC00A51078 /* HTTPStatus.swift in Sources */,
			);
			runOnlyForDeploymentPostprocessing = 0;
		};
		C9CF227E2074BCDB00A51078 /* Sources */ = {
			isa = PBXSourcesBuildPhase;
			buildActionMask = 2147483647;
			files = (
				C9F6CAA020799FFF00E5BD18 /* HTTPTask.swift in Sources */,
				C913CDFC207994F5007B3FDA /* MultiPartContentTests.swift in Sources */,
				C913CDE8207994BD007B3FDA /* HTTPErrorTests.swift in Sources */,
				C9F6CAA220799FFF00E5BD18 /* SessionManager.swift in Sources */,
				C913CDEC207994C7007B3FDA /* HTTPRequestTests.swift in Sources */,
				C9F6CA9C20799FFF00E5BD18 /* HTTPRequest.swift in Sources */,
				C9F6CAA320799FFF00E5BD18 /* URLEncoding.swift in Sources */,
				C9F6CA9F20799FFF00E5BD18 /* HTTPError.swift in Sources */,
				C9CF22882074BCDB00A51078 /* SwiftyHTTP_macOSTests.swift in Sources */,
				C9F6CAA420799FFF00E5BD18 /* DataStructure.swift in Sources */,
				C913CDF4207994DA007B3FDA /* HTTPStatusTests.swift in Sources */,
				C9F6CA9B20799FFF00E5BD18 /* SwiftyHTTP.swift in Sources */,
				C913CDF8207994EB007B3FDA /* HTTPTaskTests.swift in Sources */,
				C913CE042079950B007B3FDA /* URLEncodingTests.swift in Sources */,
				C913CE0020799500007B3FDA /* SessionManagerTests.swift in Sources */,
				C9F6CAA120799FFF00E5BD18 /* MultiPartContent.swift in Sources */,
				C913CDE020799490007B3FDA /* SwiftyHTTPTests.swift in Sources */,
				C913CDF0207994D1007B3FDA /* HTTPResponseTests.swift in Sources */,
				C9F6CA9D20799FFF00E5BD18 /* HTTPResponse.swift in Sources */,
				C913CDE4207994AF007B3FDA /* DataStructureTests.swift in Sources */,
				C9F6CA9E20799FFF00E5BD18 /* HTTPStatus.swift in Sources */,
			);
			runOnlyForDeploymentPostprocessing = 0;
		};
		C9CF22912074BD0D00A51078 /* Sources */ = {
			isa = PBXSourcesBuildPhase;
			buildActionMask = 2147483647;
			files = (
				C9CF22C92074C0B700A51078 /* HTTPTask.swift in Sources */,
				C9CF22B12074BF2E00A51078 /* SwiftyHTTP.swift in Sources */,
				C9CF22D12074C0CD00A51078 /* SessionManager.swift in Sources */,
				C9CF22BD2074C09200A51078 /* HTTPRequest.swift in Sources */,
				C9CF22C12074C09E00A51078 /* HTTPResponse.swift in Sources */,
				C9CF22B92074C08300A51078 /* HTTPError.swift in Sources */,
				C9CF22D52074C0D900A51078 /* URLEncoding.swift in Sources */,
				C9CF22B52074C06E00A51078 /* DataStructure.swift in Sources */,
				C9CF22CD2074C0C200A51078 /* MultiPartContent.swift in Sources */,
				C9CF22C52074C0AC00A51078 /* HTTPStatus.swift in Sources */,
			);
			runOnlyForDeploymentPostprocessing = 0;
		};
		C9CF229A2074BD0D00A51078 /* Sources */ = {
			isa = PBXSourcesBuildPhase;
			buildActionMask = 2147483647;
			files = (
				C9F6CAAA20799FFF00E5BD18 /* HTTPTask.swift in Sources */,
				C913CDFD207994F5007B3FDA /* MultiPartContentTests.swift in Sources */,
				C913CDE9207994BD007B3FDA /* HTTPErrorTests.swift in Sources */,
				C9F6CAAC20799FFF00E5BD18 /* SessionManager.swift in Sources */,
				C913CDED207994C7007B3FDA /* HTTPRequestTests.swift in Sources */,
				C9F6CAA620799FFF00E5BD18 /* HTTPRequest.swift in Sources */,
				C9F6CAAD20799FFF00E5BD18 /* URLEncoding.swift in Sources */,
				C9F6CAA920799FFF00E5BD18 /* HTTPError.swift in Sources */,
				C9CF22A42074BD0D00A51078 /* SwiftyHTTP_tvOSTests.swift in Sources */,
				C9F6CAAE20799FFF00E5BD18 /* DataStructure.swift in Sources */,
				C913CDF5207994DA007B3FDA /* HTTPStatusTests.swift in Sources */,
				C9F6CAA520799FFF00E5BD18 /* SwiftyHTTP.swift in Sources */,
				C913CDF9207994EB007B3FDA /* HTTPTaskTests.swift in Sources */,
				C913CE052079950B007B3FDA /* URLEncodingTests.swift in Sources */,
				C913CE0120799500007B3FDA /* SessionManagerTests.swift in Sources */,
				C9F6CAAB20799FFF00E5BD18 /* MultiPartContent.swift in Sources */,
				C913CDE120799490007B3FDA /* SwiftyHTTPTests.swift in Sources */,
				C913CDF1207994D1007B3FDA /* HTTPResponseTests.swift in Sources */,
				C9F6CAA720799FFF00E5BD18 /* HTTPResponse.swift in Sources */,
				C913CDE5207994AF007B3FDA /* DataStructureTests.swift in Sources */,
				C9F6CAA820799FFF00E5BD18 /* HTTPStatus.swift in Sources */,
			);
			runOnlyForDeploymentPostprocessing = 0;
		};
/* End PBXSourcesBuildPhase section */

/* Begin PBXTargetDependency section */
		C9CF22692074BCB300A51078 /* PBXTargetDependency */ = {
			isa = PBXTargetDependency;
			target = C9CF225D2074BCB300A51078 /* SwiftyHTTP iOS */;
			targetProxy = C9CF22682074BCB300A51078 /* PBXContainerItemProxy */;
		};
		C9CF22852074BCDB00A51078 /* PBXTargetDependency */ = {
			isa = PBXTargetDependency;
			target = C9CF22792074BCDB00A51078 /* SwiftyHTTP macOS */;
			targetProxy = C9CF22842074BCDB00A51078 /* PBXContainerItemProxy */;
		};
		C9CF22A12074BD0D00A51078 /* PBXTargetDependency */ = {
			isa = PBXTargetDependency;
			target = C9CF22952074BD0D00A51078 /* SwiftyHTTP tvOS */;
			targetProxy = C9CF22A02074BD0D00A51078 /* PBXContainerItemProxy */;
		};
/* End PBXTargetDependency section */

/* Begin XCBuildConfiguration section */
		C9CF22512074BB7800A51078 /* Debug */ = {
			isa = XCBuildConfiguration;
			buildSettings = {
				ALWAYS_SEARCH_USER_PATHS = NO;
				CLANG_ANALYZER_NONNULL = YES;
				CLANG_ANALYZER_NUMBER_OBJECT_CONVERSION = YES_AGGRESSIVE;
				CLANG_CXX_LANGUAGE_STANDARD = "gnu++14";
				CLANG_CXX_LIBRARY = "libc++";
				CLANG_ENABLE_MODULES = YES;
				CLANG_ENABLE_OBJC_ARC = YES;
				CLANG_ENABLE_OBJC_WEAK = YES;
				CLANG_WARN_BLOCK_CAPTURE_AUTORELEASING = YES;
				CLANG_WARN_BOOL_CONVERSION = YES;
				CLANG_WARN_COMMA = YES;
				CLANG_WARN_CONSTANT_CONVERSION = YES;
				CLANG_WARN_DEPRECATED_OBJC_IMPLEMENTATIONS = YES;
				CLANG_WARN_DIRECT_OBJC_ISA_USAGE = YES_ERROR;
				CLANG_WARN_DOCUMENTATION_COMMENTS = YES;
				CLANG_WARN_EMPTY_BODY = YES;
				CLANG_WARN_ENUM_CONVERSION = YES;
				CLANG_WARN_INFINITE_RECURSION = YES;
				CLANG_WARN_INT_CONVERSION = YES;
				CLANG_WARN_NON_LITERAL_NULL_CONVERSION = YES;
				CLANG_WARN_OBJC_IMPLICIT_RETAIN_SELF = YES;
				CLANG_WARN_OBJC_LITERAL_CONVERSION = YES;
				CLANG_WARN_OBJC_ROOT_CLASS = YES_ERROR;
				CLANG_WARN_RANGE_LOOP_ANALYSIS = YES;
				CLANG_WARN_STRICT_PROTOTYPES = YES;
				CLANG_WARN_SUSPICIOUS_MOVE = YES;
				CLANG_WARN_UNGUARDED_AVAILABILITY = YES_AGGRESSIVE;
				CLANG_WARN_UNREACHABLE_CODE = YES;
				CLANG_WARN__DUPLICATE_METHOD_MATCH = YES;
				CODE_SIGN_IDENTITY = "iPhone Developer";
				COPY_PHASE_STRIP = NO;
				CURRENT_PROJECT_VERSION = 1;
				DEBUG_INFORMATION_FORMAT = dwarf;
				ENABLE_STRICT_OBJC_MSGSEND = YES;
				ENABLE_TESTABILITY = YES;
				GCC_C_LANGUAGE_STANDARD = gnu11;
				GCC_DYNAMIC_NO_PIC = NO;
				GCC_NO_COMMON_BLOCKS = YES;
				GCC_OPTIMIZATION_LEVEL = 0;
				GCC_PREPROCESSOR_DEFINITIONS = (
					"DEBUG=1",
					"$(inherited)",
				);
				GCC_WARN_64_TO_32_BIT_CONVERSION = YES;
				GCC_WARN_ABOUT_RETURN_TYPE = YES_ERROR;
				GCC_WARN_UNDECLARED_SELECTOR = YES;
				GCC_WARN_UNINITIALIZED_AUTOS = YES_AGGRESSIVE;
				GCC_WARN_UNUSED_FUNCTION = YES;
				GCC_WARN_UNUSED_VARIABLE = YES;
				IPHONEOS_DEPLOYMENT_TARGET = 11.3;
				MTL_ENABLE_DEBUG_INFO = YES;
				ONLY_ACTIVE_ARCH = YES;
				SDKROOT = iphoneos;
				SWIFT_ACTIVE_COMPILATION_CONDITIONS = DEBUG;
				SWIFT_OPTIMIZATION_LEVEL = "-Onone";
				VERSIONING_SYSTEM = "apple-generic";
				VERSION_INFO_PREFIX = "";
			};
			name = Debug;
		};
		C9CF22522074BB7800A51078 /* Release */ = {
			isa = XCBuildConfiguration;
			buildSettings = {
				ALWAYS_SEARCH_USER_PATHS = NO;
				CLANG_ANALYZER_NONNULL = YES;
				CLANG_ANALYZER_NUMBER_OBJECT_CONVERSION = YES_AGGRESSIVE;
				CLANG_CXX_LANGUAGE_STANDARD = "gnu++14";
				CLANG_CXX_LIBRARY = "libc++";
				CLANG_ENABLE_MODULES = YES;
				CLANG_ENABLE_OBJC_ARC = YES;
				CLANG_ENABLE_OBJC_WEAK = YES;
				CLANG_WARN_BLOCK_CAPTURE_AUTORELEASING = YES;
				CLANG_WARN_BOOL_CONVERSION = YES;
				CLANG_WARN_COMMA = YES;
				CLANG_WARN_CONSTANT_CONVERSION = YES;
				CLANG_WARN_DEPRECATED_OBJC_IMPLEMENTATIONS = YES;
				CLANG_WARN_DIRECT_OBJC_ISA_USAGE = YES_ERROR;
				CLANG_WARN_DOCUMENTATION_COMMENTS = YES;
				CLANG_WARN_EMPTY_BODY = YES;
				CLANG_WARN_ENUM_CONVERSION = YES;
				CLANG_WARN_INFINITE_RECURSION = YES;
				CLANG_WARN_INT_CONVERSION = YES;
				CLANG_WARN_NON_LITERAL_NULL_CONVERSION = YES;
				CLANG_WARN_OBJC_IMPLICIT_RETAIN_SELF = YES;
				CLANG_WARN_OBJC_LITERAL_CONVERSION = YES;
				CLANG_WARN_OBJC_ROOT_CLASS = YES_ERROR;
				CLANG_WARN_RANGE_LOOP_ANALYSIS = YES;
				CLANG_WARN_STRICT_PROTOTYPES = YES;
				CLANG_WARN_SUSPICIOUS_MOVE = YES;
				CLANG_WARN_UNGUARDED_AVAILABILITY = YES_AGGRESSIVE;
				CLANG_WARN_UNREACHABLE_CODE = YES;
				CLANG_WARN__DUPLICATE_METHOD_MATCH = YES;
				CODE_SIGN_IDENTITY = "iPhone Developer";
				COPY_PHASE_STRIP = NO;
				CURRENT_PROJECT_VERSION = 1;
				DEBUG_INFORMATION_FORMAT = "dwarf-with-dsym";
				ENABLE_NS_ASSERTIONS = NO;
				ENABLE_STRICT_OBJC_MSGSEND = YES;
				GCC_C_LANGUAGE_STANDARD = gnu11;
				GCC_NO_COMMON_BLOCKS = YES;
				GCC_WARN_64_TO_32_BIT_CONVERSION = YES;
				GCC_WARN_ABOUT_RETURN_TYPE = YES_ERROR;
				GCC_WARN_UNDECLARED_SELECTOR = YES;
				GCC_WARN_UNINITIALIZED_AUTOS = YES_AGGRESSIVE;
				GCC_WARN_UNUSED_FUNCTION = YES;
				GCC_WARN_UNUSED_VARIABLE = YES;
				IPHONEOS_DEPLOYMENT_TARGET = 11.3;
				MTL_ENABLE_DEBUG_INFO = NO;
				SDKROOT = iphoneos;
				SWIFT_COMPILATION_MODE = wholemodule;
				SWIFT_OPTIMIZATION_LEVEL = "-O";
				VALIDATE_PRODUCT = YES;
				VERSIONING_SYSTEM = "apple-generic";
				VERSION_INFO_PREFIX = "";
			};
			name = Release;
		};
		C9CF22702074BCB300A51078 /* Debug */ = {
			isa = XCBuildConfiguration;
			buildSettings = {
				CLANG_ENABLE_MODULES = YES;
				CODE_SIGN_IDENTITY = "";
				CODE_SIGN_STYLE = Automatic;
				DEFINES_MODULE = YES;
				DYLIB_COMPATIBILITY_VERSION = 1;
				DYLIB_CURRENT_VERSION = 1;
				DYLIB_INSTALL_NAME_BASE = "@rpath";
				INFOPLIST_FILE = "SwiftyHTTP iOS/Info.plist";
				INSTALL_PATH = "$(LOCAL_LIBRARY_DIR)/Frameworks";
				LD_RUNPATH_SEARCH_PATHS = (
					"$(inherited)",
					"@executable_path/Frameworks",
					"@loader_path/Frameworks",
				);
				PRODUCT_BUNDLE_IDENTIFIER = "com.ttsy.SwiftyHTTP-iOS";
				PRODUCT_NAME = "$(TARGET_NAME:c99extidentifier)";
				SKIP_INSTALL = YES;
				SWIFT_OPTIMIZATION_LEVEL = "-Onone";
				SWIFT_VERSION = 4.0;
				TARGETED_DEVICE_FAMILY = "1,2";
			};
			name = Debug;
		};
		C9CF22712074BCB300A51078 /* Release */ = {
			isa = XCBuildConfiguration;
			buildSettings = {
				CLANG_ENABLE_MODULES = YES;
				CODE_SIGN_IDENTITY = "";
				CODE_SIGN_STYLE = Automatic;
				DEFINES_MODULE = YES;
				DYLIB_COMPATIBILITY_VERSION = 1;
				DYLIB_CURRENT_VERSION = 1;
				DYLIB_INSTALL_NAME_BASE = "@rpath";
				INFOPLIST_FILE = "SwiftyHTTP iOS/Info.plist";
				INSTALL_PATH = "$(LOCAL_LIBRARY_DIR)/Frameworks";
				LD_RUNPATH_SEARCH_PATHS = (
					"$(inherited)",
					"@executable_path/Frameworks",
					"@loader_path/Frameworks",
				);
				PRODUCT_BUNDLE_IDENTIFIER = "com.ttsy.SwiftyHTTP-iOS";
				PRODUCT_NAME = "$(TARGET_NAME:c99extidentifier)";
				SKIP_INSTALL = YES;
				SWIFT_VERSION = 4.0;
				TARGETED_DEVICE_FAMILY = "1,2";
			};
			name = Release;
		};
		C9CF22732074BCB300A51078 /* Debug */ = {
			isa = XCBuildConfiguration;
			buildSettings = {
				ALWAYS_EMBED_SWIFT_STANDARD_LIBRARIES = YES;
				CODE_SIGN_STYLE = Automatic;
				INFOPLIST_FILE = "SwiftyHTTP iOSTests/Info.plist";
				LD_RUNPATH_SEARCH_PATHS = (
					"$(inherited)",
					"@executable_path/Frameworks",
					"@loader_path/Frameworks",
				);
				PRODUCT_BUNDLE_IDENTIFIER = "com.ttsy.SwiftyHTTP-iOSTests";
				PRODUCT_NAME = "$(TARGET_NAME)";
				SWIFT_VERSION = 4.0;
				TARGETED_DEVICE_FAMILY = "1,2";
			};
			name = Debug;
		};
		C9CF22742074BCB300A51078 /* Release */ = {
			isa = XCBuildConfiguration;
			buildSettings = {
				ALWAYS_EMBED_SWIFT_STANDARD_LIBRARIES = YES;
				CODE_SIGN_STYLE = Automatic;
				INFOPLIST_FILE = "SwiftyHTTP iOSTests/Info.plist";
				LD_RUNPATH_SEARCH_PATHS = (
					"$(inherited)",
					"@executable_path/Frameworks",
					"@loader_path/Frameworks",
				);
				PRODUCT_BUNDLE_IDENTIFIER = "com.ttsy.SwiftyHTTP-iOSTests";
				PRODUCT_NAME = "$(TARGET_NAME)";
				SWIFT_VERSION = 4.0;
				TARGETED_DEVICE_FAMILY = "1,2";
			};
			name = Release;
		};
		C9CF228C2074BCDB00A51078 /* Debug */ = {
			isa = XCBuildConfiguration;
			buildSettings = {
				CLANG_ENABLE_MODULES = YES;
				CODE_SIGN_IDENTITY = "-";
				CODE_SIGN_STYLE = Automatic;
				COMBINE_HIDPI_IMAGES = YES;
				DEFINES_MODULE = YES;
				DYLIB_COMPATIBILITY_VERSION = 1;
				DYLIB_CURRENT_VERSION = 1;
				DYLIB_INSTALL_NAME_BASE = "@rpath";
				FRAMEWORK_VERSION = A;
				INFOPLIST_FILE = "SwiftyHTTP macOS/Info.plist";
				INSTALL_PATH = "$(LOCAL_LIBRARY_DIR)/Frameworks";
				LD_RUNPATH_SEARCH_PATHS = (
					"$(inherited)",
					"@executable_path/../Frameworks",
					"@loader_path/Frameworks",
				);
				MACOSX_DEPLOYMENT_TARGET = 10.13;
				PRODUCT_BUNDLE_IDENTIFIER = "com.ttsy.SwiftyHTTP-macOS";
				PRODUCT_NAME = "$(TARGET_NAME:c99extidentifier)";
				SDKROOT = macosx;
				SKIP_INSTALL = YES;
				SWIFT_OPTIMIZATION_LEVEL = "-Onone";
				SWIFT_VERSION = 4.0;
			};
			name = Debug;
		};
		C9CF228D2074BCDB00A51078 /* Release */ = {
			isa = XCBuildConfiguration;
			buildSettings = {
				CLANG_ENABLE_MODULES = YES;
				CODE_SIGN_IDENTITY = "-";
				CODE_SIGN_STYLE = Automatic;
				COMBINE_HIDPI_IMAGES = YES;
				DEFINES_MODULE = YES;
				DYLIB_COMPATIBILITY_VERSION = 1;
				DYLIB_CURRENT_VERSION = 1;
				DYLIB_INSTALL_NAME_BASE = "@rpath";
				FRAMEWORK_VERSION = A;
				INFOPLIST_FILE = "SwiftyHTTP macOS/Info.plist";
				INSTALL_PATH = "$(LOCAL_LIBRARY_DIR)/Frameworks";
				LD_RUNPATH_SEARCH_PATHS = (
					"$(inherited)",
					"@executable_path/../Frameworks",
					"@loader_path/Frameworks",
				);
				MACOSX_DEPLOYMENT_TARGET = 10.13;
				PRODUCT_BUNDLE_IDENTIFIER = "com.ttsy.SwiftyHTTP-macOS";
				PRODUCT_NAME = "$(TARGET_NAME:c99extidentifier)";
				SDKROOT = macosx;
				SKIP_INSTALL = YES;
				SWIFT_VERSION = 4.0;
			};
			name = Release;
		};
		C9CF228F2074BCDB00A51078 /* Debug */ = {
			isa = XCBuildConfiguration;
			buildSettings = {
				ALWAYS_EMBED_SWIFT_STANDARD_LIBRARIES = YES;
				CODE_SIGN_IDENTITY = "-";
				CODE_SIGN_STYLE = Automatic;
				COMBINE_HIDPI_IMAGES = YES;
				INFOPLIST_FILE = "SwiftyHTTP macOSTests/Info.plist";
				LD_RUNPATH_SEARCH_PATHS = (
					"$(inherited)",
					"@executable_path/../Frameworks",
					"@loader_path/../Frameworks",
				);
				MACOSX_DEPLOYMENT_TARGET = 10.13;
				PRODUCT_BUNDLE_IDENTIFIER = "com.ttsy.SwiftyHTTP-macOSTests";
				PRODUCT_NAME = "$(TARGET_NAME)";
				SDKROOT = macosx;
				SWIFT_VERSION = 4.0;
			};
			name = Debug;
		};
		C9CF22902074BCDB00A51078 /* Release */ = {
			isa = XCBuildConfiguration;
			buildSettings = {
				ALWAYS_EMBED_SWIFT_STANDARD_LIBRARIES = YES;
				CODE_SIGN_IDENTITY = "-";
				CODE_SIGN_STYLE = Automatic;
				COMBINE_HIDPI_IMAGES = YES;
				INFOPLIST_FILE = "SwiftyHTTP macOSTests/Info.plist";
				LD_RUNPATH_SEARCH_PATHS = (
					"$(inherited)",
					"@executable_path/../Frameworks",
					"@loader_path/../Frameworks",
				);
				MACOSX_DEPLOYMENT_TARGET = 10.13;
				PRODUCT_BUNDLE_IDENTIFIER = "com.ttsy.SwiftyHTTP-macOSTests";
				PRODUCT_NAME = "$(TARGET_NAME)";
				SDKROOT = macosx;
				SWIFT_VERSION = 4.0;
			};
			name = Release;
		};
		C9CF22A82074BD0D00A51078 /* Debug */ = {
			isa = XCBuildConfiguration;
			buildSettings = {
				CLANG_ENABLE_MODULES = YES;
				CODE_SIGN_IDENTITY = "";
				CODE_SIGN_STYLE = Automatic;
				DEFINES_MODULE = YES;
				DYLIB_COMPATIBILITY_VERSION = 1;
				DYLIB_CURRENT_VERSION = 1;
				DYLIB_INSTALL_NAME_BASE = "@rpath";
				INFOPLIST_FILE = "SwiftyHTTP tvOS/Info.plist";
				INSTALL_PATH = "$(LOCAL_LIBRARY_DIR)/Frameworks";
				LD_RUNPATH_SEARCH_PATHS = (
					"$(inherited)",
					"@executable_path/Frameworks",
					"@loader_path/Frameworks",
				);
				PRODUCT_BUNDLE_IDENTIFIER = "com.ttsy.SwiftyHTTP-tvOS";
				PRODUCT_NAME = "$(TARGET_NAME:c99extidentifier)";
				SDKROOT = appletvos;
				SKIP_INSTALL = YES;
				SWIFT_OPTIMIZATION_LEVEL = "-Onone";
				SWIFT_VERSION = 4.0;
				TARGETED_DEVICE_FAMILY = 3;
				TVOS_DEPLOYMENT_TARGET = 11.3;
			};
			name = Debug;
		};
		C9CF22A92074BD0D00A51078 /* Release */ = {
			isa = XCBuildConfiguration;
			buildSettings = {
				CLANG_ENABLE_MODULES = YES;
				CODE_SIGN_IDENTITY = "";
				CODE_SIGN_STYLE = Automatic;
				DEFINES_MODULE = YES;
				DYLIB_COMPATIBILITY_VERSION = 1;
				DYLIB_CURRENT_VERSION = 1;
				DYLIB_INSTALL_NAME_BASE = "@rpath";
				INFOPLIST_FILE = "SwiftyHTTP tvOS/Info.plist";
				INSTALL_PATH = "$(LOCAL_LIBRARY_DIR)/Frameworks";
				LD_RUNPATH_SEARCH_PATHS = (
					"$(inherited)",
					"@executable_path/Frameworks",
					"@loader_path/Frameworks",
				);
				PRODUCT_BUNDLE_IDENTIFIER = "com.ttsy.SwiftyHTTP-tvOS";
				PRODUCT_NAME = "$(TARGET_NAME:c99extidentifier)";
				SDKROOT = appletvos;
				SKIP_INSTALL = YES;
				SWIFT_VERSION = 4.0;
				TARGETED_DEVICE_FAMILY = 3;
				TVOS_DEPLOYMENT_TARGET = 11.3;
			};
			name = Release;
		};
		C9CF22AB2074BD0D00A51078 /* Debug */ = {
			isa = XCBuildConfiguration;
			buildSettings = {
				ALWAYS_EMBED_SWIFT_STANDARD_LIBRARIES = YES;
				CODE_SIGN_STYLE = Automatic;
				INFOPLIST_FILE = "SwiftyHTTP tvOSTests/Info.plist";
				LD_RUNPATH_SEARCH_PATHS = (
					"$(inherited)",
					"@executable_path/Frameworks",
					"@loader_path/Frameworks",
				);
				PRODUCT_BUNDLE_IDENTIFIER = "com.ttsy.SwiftyHTTP-tvOSTests";
				PRODUCT_NAME = "$(TARGET_NAME)";
				SDKROOT = appletvos;
				SWIFT_VERSION = 4.0;
				TARGETED_DEVICE_FAMILY = 3;
				TVOS_DEPLOYMENT_TARGET = 11.3;
			};
			name = Debug;
		};
		C9CF22AC2074BD0D00A51078 /* Release */ = {
			isa = XCBuildConfiguration;
			buildSettings = {
				ALWAYS_EMBED_SWIFT_STANDARD_LIBRARIES = YES;
				CODE_SIGN_STYLE = Automatic;
				INFOPLIST_FILE = "SwiftyHTTP tvOSTests/Info.plist";
				LD_RUNPATH_SEARCH_PATHS = (
					"$(inherited)",
					"@executable_path/Frameworks",
					"@loader_path/Frameworks",
				);
				PRODUCT_BUNDLE_IDENTIFIER = "com.ttsy.SwiftyHTTP-tvOSTests";
				PRODUCT_NAME = "$(TARGET_NAME)";
				SDKROOT = appletvos;
				SWIFT_VERSION = 4.0;
				TARGETED_DEVICE_FAMILY = 3;
				TVOS_DEPLOYMENT_TARGET = 11.3;
			};
			name = Release;
		};
/* End XCBuildConfiguration section */

/* Begin XCConfigurationList section */
		C9CF22392074BB7800A51078 /* Build configuration list for PBXProject "SwiftyHTTP" */ = {
			isa = XCConfigurationList;
			buildConfigurations = (
				C9CF22512074BB7800A51078 /* Debug */,
				C9CF22522074BB7800A51078 /* Release */,
			);
			defaultConfigurationIsVisible = 0;
			defaultConfigurationName = Release;
		};
		C9CF226F2074BCB300A51078 /* Build configuration list for PBXNativeTarget "SwiftyHTTP iOS" */ = {
			isa = XCConfigurationList;
			buildConfigurations = (
				C9CF22702074BCB300A51078 /* Debug */,
				C9CF22712074BCB300A51078 /* Release */,
			);
			defaultConfigurationIsVisible = 0;
			defaultConfigurationName = Release;
		};
		C9CF22722074BCB300A51078 /* Build configuration list for PBXNativeTarget "SwiftyHTTP iOSTests" */ = {
			isa = XCConfigurationList;
			buildConfigurations = (
				C9CF22732074BCB300A51078 /* Debug */,
				C9CF22742074BCB300A51078 /* Release */,
			);
			defaultConfigurationIsVisible = 0;
			defaultConfigurationName = Release;
		};
		C9CF228B2074BCDB00A51078 /* Build configuration list for PBXNativeTarget "SwiftyHTTP macOS" */ = {
			isa = XCConfigurationList;
			buildConfigurations = (
				C9CF228C2074BCDB00A51078 /* Debug */,
				C9CF228D2074BCDB00A51078 /* Release */,
			);
			defaultConfigurationIsVisible = 0;
			defaultConfigurationName = Release;
		};
		C9CF228E2074BCDB00A51078 /* Build configuration list for PBXNativeTarget "SwiftyHTTP macOSTests" */ = {
			isa = XCConfigurationList;
			buildConfigurations = (
				C9CF228F2074BCDB00A51078 /* Debug */,
				C9CF22902074BCDB00A51078 /* Release */,
			);
			defaultConfigurationIsVisible = 0;
			defaultConfigurationName = Release;
		};
		C9CF22A72074BD0D00A51078 /* Build configuration list for PBXNativeTarget "SwiftyHTTP tvOS" */ = {
			isa = XCConfigurationList;
			buildConfigurations = (
				C9CF22A82074BD0D00A51078 /* Debug */,
				C9CF22A92074BD0D00A51078 /* Release */,
			);
			defaultConfigurationIsVisible = 0;
			defaultConfigurationName = Release;
		};
		C9CF22AA2074BD0D00A51078 /* Build configuration list for PBXNativeTarget "SwiftyHTTP tvOSTests" */ = {
			isa = XCConfigurationList;
			buildConfigurations = (
				C9CF22AB2074BD0D00A51078 /* Debug */,
				C9CF22AC2074BD0D00A51078 /* Release */,
			);
			defaultConfigurationIsVisible = 0;
			defaultConfigurationName = Release;
		};
/* End XCConfigurationList section */
	};
	rootObject = C9CF22362074BB7800A51078 /* Project object */;
}
